// !$*UTF8*$!
{
	archiveVersion = 1;
	classes = {
	};
	objectVersion = 46;
	objects = {

/* Begin PBXBuildFile section */
		741D1FA61E82DFEC00F097A6 /* BrickView.swift in Sources */ = {isa = PBXBuildFile; fileRef = 741D1FA51E82DFEC00F097A6 /* BrickView.swift */; };
		7461A3DF1EB1D8130050F895 /* SettingsViewController.swift in Sources */ = {isa = PBXBuildFile; fileRef = 7461A3DE1EB1D8130050F895 /* SettingsViewController.swift */; };
		746FC98A1E8015E400AEF0E4 /* AppDelegate.swift in Sources */ = {isa = PBXBuildFile; fileRef = 746FC9891E8015E400AEF0E4 /* AppDelegate.swift */; };
		746FC98F1E8015E400AEF0E4 /* Main.storyboard in Resources */ = {isa = PBXBuildFile; fileRef = 746FC98D1E8015E400AEF0E4 /* Main.storyboard */; };
		746FC9911E8015E400AEF0E4 /* Assets.xcassets in Resources */ = {isa = PBXBuildFile; fileRef = 746FC9901E8015E400AEF0E4 /* Assets.xcassets */; };
		746FC9941E8015E400AEF0E4 /* LaunchScreen.storyboard in Resources */ = {isa = PBXBuildFile; fileRef = 746FC9921E8015E400AEF0E4 /* LaunchScreen.storyboard */; };
		746FC99D1E80162500AEF0E4 /* BreakItViewController.swift in Sources */ = {isa = PBXBuildFile; fileRef = 746FC99C1E80162500AEF0E4 /* BreakItViewController.swift */; };
		746FC99F1E80164300AEF0E4 /* BreakItView.swift in Sources */ = {isa = PBXBuildFile; fileRef = 746FC99E1E80164300AEF0E4 /* BreakItView.swift */; };
		746FC9A11E801CE100AEF0E4 /* BallView.swift in Sources */ = {isa = PBXBuildFile; fileRef = 746FC9A01E801CE100AEF0E4 /* BallView.swift */; };
		746FC9A31E801DB000AEF0E4 /* BezierPathsCreatorView.swift in Sources */ = {isa = PBXBuildFile; fileRef = 746FC9A21E801DB000AEF0E4 /* BezierPathsCreatorView.swift */; };
		746FC9A51E801EFC00AEF0E4 /* UIKitExtenssions.swift in Sources */ = {isa = PBXBuildFile; fileRef = 746FC9A41E801EFC00AEF0E4 /* UIKitExtenssions.swift */; };
		746FC9A91E81387600AEF0E4 /* GameBoardBehavior.swift in Sources */ = {isa = PBXBuildFile; fileRef = 746FC9A81E81387600AEF0E4 /* GameBoardBehavior.swift */; };
		748E1B931E9624F600BA4999 /* PaddleView.swift in Sources */ = {isa = PBXBuildFile; fileRef = 748E1B921E9624F600BA4999 /* PaddleView.swift */; };
/* End PBXBuildFile section */

/* Begin PBXFileReference section */
		741D1FA51E82DFEC00F097A6 /* BrickView.swift */ = {isa = PBXFileReference; fileEncoding = 4; lastKnownFileType = sourcecode.swift; path = BrickView.swift; sourceTree = "<group>"; };
		7461A3DE1EB1D8130050F895 /* SettingsViewController.swift */ = {isa = PBXFileReference; fileEncoding = 4; lastKnownFileType = sourcecode.swift; path = SettingsViewController.swift; sourceTree = "<group>"; };
		746FC9861E8015E400AEF0E4 /* BreakItOut.app */ = {isa = PBXFileReference; explicitFileType = wrapper.application; includeInIndex = 0; path = BreakItOut.app; sourceTree = BUILT_PRODUCTS_DIR; };
		746FC9891E8015E400AEF0E4 /* AppDelegate.swift */ = {isa = PBXFileReference; lastKnownFileType = sourcecode.swift; path = AppDelegate.swift; sourceTree = "<group>"; };
		746FC98E1E8015E400AEF0E4 /* Base */ = {isa = PBXFileReference; lastKnownFileType = file.storyboard; name = Base; path = Base.lproj/Main.storyboard; sourceTree = "<group>"; };
		746FC9901E8015E400AEF0E4 /* Assets.xcassets */ = {isa = PBXFileReference; lastKnownFileType = folder.assetcatalog; path = Assets.xcassets; sourceTree = "<group>"; };
		746FC9931E8015E400AEF0E4 /* Base */ = {isa = PBXFileReference; lastKnownFileType = file.storyboard; name = Base; path = Base.lproj/LaunchScreen.storyboard; sourceTree = "<group>"; };
		746FC9951E8015E400AEF0E4 /* Info.plist */ = {isa = PBXFileReference; lastKnownFileType = text.plist.xml; path = Info.plist; sourceTree = "<group>"; };
		746FC99C1E80162500AEF0E4 /* BreakItViewController.swift */ = {isa = PBXFileReference; fileEncoding = 4; lastKnownFileType = sourcecode.swift; path = BreakItViewController.swift; sourceTree = "<group>"; };
		746FC99E1E80164300AEF0E4 /* BreakItView.swift */ = {isa = PBXFileReference; fileEncoding = 4; lastKnownFileType = sourcecode.swift; path = BreakItView.swift; sourceTree = "<group>"; };
		746FC9A01E801CE100AEF0E4 /* BallView.swift */ = {isa = PBXFileReference; fileEncoding = 4; lastKnownFileType = sourcecode.swift; path = BallView.swift; sourceTree = "<group>"; };
		746FC9A21E801DB000AEF0E4 /* BezierPathsCreatorView.swift */ = {isa = PBXFileReference; fileEncoding = 4; lastKnownFileType = sourcecode.swift; path = BezierPathsCreatorView.swift; sourceTree = "<group>"; };
		746FC9A41E801EFC00AEF0E4 /* UIKitExtenssions.swift */ = {isa = PBXFileReference; fileEncoding = 4; lastKnownFileType = sourcecode.swift; path = UIKitExtenssions.swift; sourceTree = "<group>"; };
		746FC9A81E81387600AEF0E4 /* GameBoardBehavior.swift */ = {isa = PBXFileReference; fileEncoding = 4; lastKnownFileType = sourcecode.swift; path = GameBoardBehavior.swift; sourceTree = "<group>"; };
		748E1B921E9624F600BA4999 /* PaddleView.swift */ = {isa = PBXFileReference; fileEncoding = 4; lastKnownFileType = sourcecode.swift; path = PaddleView.swift; sourceTree = "<group>"; };
/* End PBXFileReference section */

/* Begin PBXFrameworksBuildPhase section */
		746FC9831E8015E400AEF0E4 /* Frameworks */ = {
			isa = PBXFrameworksBuildPhase;
			buildActionMask = 2147483647;
			files = (
			);
			runOnlyForDeploymentPostprocessing = 0;
		};
/* End PBXFrameworksBuildPhase section */

/* Begin PBXGroup section */
		746FC97D1E8015E400AEF0E4 = {
			isa = PBXGroup;
			children = (
				746FC9881E8015E400AEF0E4 /* BreakItOut */,
				746FC9871E8015E400AEF0E4 /* Products */,
			);
			sourceTree = "<group>";
		};
		746FC9871E8015E400AEF0E4 /* Products */ = {
			isa = PBXGroup;
			children = (
				746FC9861E8015E400AEF0E4 /* BreakItOut.app */,
			);
			name = Products;
			sourceTree = "<group>";
		};
		746FC9881E8015E400AEF0E4 /* BreakItOut */ = {
			isa = PBXGroup;
			children = (
				746FC99B1E80160000AEF0E4 /* Supporting Files */,
				746FC98D1E8015E400AEF0E4 /* Main.storyboard */,
				7461A3DE1EB1D8130050F895 /* SettingsViewController.swift */,
				746FC99C1E80162500AEF0E4 /* BreakItViewController.swift */,
				741D1FA51E82DFEC00F097A6 /* BrickView.swift */,
				748E1B921E9624F600BA4999 /* PaddleView.swift */,
				746FC99E1E80164300AEF0E4 /* BreakItView.swift */,
				746FC9A81E81387600AEF0E4 /* GameBoardBehavior.swift */,
				746FC9A01E801CE100AEF0E4 /* BallView.swift */,
				746FC9A21E801DB000AEF0E4 /* BezierPathsCreatorView.swift */,
				746FC9A41E801EFC00AEF0E4 /* UIKitExtenssions.swift */,
			);
			path = BreakItOut;
			sourceTree = "<group>";
		};
		746FC99B1E80160000AEF0E4 /* Supporting Files */ = {
			isa = PBXGroup;
			children = (
				746FC9891E8015E400AEF0E4 /* AppDelegate.swift */,
				746FC9901E8015E400AEF0E4 /* Assets.xcassets */,
				746FC9921E8015E400AEF0E4 /* LaunchScreen.storyboard */,
				746FC9951E8015E400AEF0E4 /* Info.plist */,
			);
			name = "Supporting Files";
			sourceTree = "<group>";
		};
/* End PBXGroup section */

/* Begin PBXNativeTarget section */
		746FC9851E8015E400AEF0E4 /* BreakItOut */ = {
			isa = PBXNativeTarget;
			buildConfigurationList = 746FC9981E8015E400AEF0E4 /* Build configuration list for PBXNativeTarget "BreakItOut" */;
			buildPhases = (
				746FC9821E8015E400AEF0E4 /* Sources */,
				746FC9831E8015E400AEF0E4 /* Frameworks */,
				746FC9841E8015E400AEF0E4 /* Resources */,
			);
			buildRules = (
			);
			dependencies = (
			);
			name = BreakItOut;
			productName = BreakItOut;
			productReference = 746FC9861E8015E400AEF0E4 /* BreakItOut.app */;
			productType = "com.apple.product-type.application";
		};
/* End PBXNativeTarget section */

/* Begin PBXProject section */
		746FC97E1E8015E400AEF0E4 /* Project object */ = {
			isa = PBXProject;
			attributes = {
				LastSwiftUpdateCheck = 0820;
				LastUpgradeCheck = 0820;
				ORGANIZATIONNAME = "Guy Taieb";
				TargetAttributes = {
					746FC9851E8015E400AEF0E4 = {
						CreatedOnToolsVersion = 8.2.1;
						DevelopmentTeam = 5FRC2WHL5U;
						ProvisioningStyle = Automatic;
					};
				};
			};
			buildConfigurationList = 746FC9811E8015E400AEF0E4 /* Build configuration list for PBXProject "BreakItOut" */;
			compatibilityVersion = "Xcode 3.2";
			developmentRegion = English;
			hasScannedForEncodings = 0;
			knownRegions = (
				en,
				Base,
			);
			mainGroup = 746FC97D1E8015E400AEF0E4;
			productRefGroup = 746FC9871E8015E400AEF0E4 /* Products */;
			projectDirPath = "";
			projectRoot = "";
			targets = (
				746FC9851E8015E400AEF0E4 /* BreakItOut */,
			);
		};
/* End PBXProject section */

/* Begin PBXResourcesBuildPhase section */
		746FC9841E8015E400AEF0E4 /* Resources */ = {
			isa = PBXResourcesBuildPhase;
			buildActionMask = 2147483647;
			files = (
				746FC9941E8015E400AEF0E4 /* LaunchScreen.storyboard in Resources */,
				746FC9911E8015E400AEF0E4 /* Assets.xcassets in Resources */,
				746FC98F1E8015E400AEF0E4 /* Main.storyboard in Resources */,
			);
			runOnlyForDeploymentPostprocessing = 0;
		};
/* End PBXResourcesBuildPhase section */

/* Begin PBXSourcesBuildPhase section */
		746FC9821E8015E400AEF0E4 /* Sources */ = {
			isa = PBXSourcesBuildPhase;
			buildActionMask = 2147483647;
			files = (
				741D1FA61E82DFEC00F097A6 /* BrickView.swift in Sources */,
				748E1B931E9624F600BA4999 /* PaddleView.swift in Sources */,
				746FC9A51E801EFC00AEF0E4 /* UIKitExtenssions.swift in Sources */,
				7461A3DF1EB1D8130050F895 /* SettingsViewController.swift in Sources */,
				746FC98A1E8015E400AEF0E4 /* AppDelegate.swift in Sources */,
				746FC99D1E80162500AEF0E4 /* BreakItViewController.swift in Sources */,
				746FC99F1E80164300AEF0E4 /* BreakItView.swift in Sources */,
				746FC9A91E81387600AEF0E4 /* GameBoardBehavior.swift in Sources */,
				746FC9A31E801DB000AEF0E4 /* BezierPathsCreatorView.swift in Sources */,
				746FC9A11E801CE100AEF0E4 /* BallView.swift in Sources */,
			);
			runOnlyForDeploymentPostprocessing = 0;
		};
/* End PBXSourcesBuildPhase section */

/* Begin PBXVariantGroup section */
		746FC98D1E8015E400AEF0E4 /* Main.storyboard */ = {
			isa = PBXVariantGroup;
			children = (
				746FC98E1E8015E400AEF0E4 /* Base */,
			);
			name = Main.storyboard;
			sourceTree = "<group>";
		};
		746FC9921E8015E400AEF0E4 /* LaunchScreen.storyboard */ = {
			isa = PBXVariantGroup;
			children = (
				746FC9931E8015E400AEF0E4 /* Base */,
			);
			name = LaunchScreen.storyboard;
			sourceTree = "<group>";
		};
/* End PBXVariantGroup section */

/* Begin XCBuildConfiguration section */
		746FC9961E8015E400AEF0E4 /* Debug */ = {
			isa = XCBuildConfiguration;
			buildSettings = {
				ALWAYS_SEARCH_USER_PATHS = NO;
				CLANG_ANALYZER_NONNULL = YES;
				CLANG_CXX_LANGUAGE_STANDARD = "gnu++0x";
				CLANG_CXX_LIBRARY = "libc++";
				CLANG_ENABLE_MODULES = YES;
				CLANG_ENABLE_OBJC_ARC = YES;
				CLANG_WARN_BOOL_CONVERSION = YES;
				CLANG_WARN_CONSTANT_CONVERSION = YES;
				CLANG_WARN_DIRECT_OBJC_ISA_USAGE = YES_ERROR;
				CLANG_WARN_DOCUMENTATION_COMMENTS = YES;
				CLANG_WARN_EMPTY_BODY = YES;
				CLANG_WARN_ENUM_CONVERSION = YES;
				CLANG_WARN_INFINITE_RECURSION = YES;
				CLANG_WARN_INT_CONVERSION = YES;
				CLANG_WARN_OBJC_ROOT_CLASS = YES_ERROR;
				CLANG_WARN_SUSPICIOUS_MOVE = YES;
				CLANG_WARN_UNREACHABLE_CODE = YES;
				CLANG_WARN__DUPLICATE_METHOD_MATCH = YES;
				"CODE_SIGN_IDENTITY[sdk=iphoneos*]" = "iPhone Developer";
				COPY_PHASE_STRIP = NO;
				DEBUG_INFORMATION_FORMAT = dwarf;
				ENABLE_STRICT_OBJC_MSGSEND = YES;
				ENABLE_TESTABILITY = YES;
				GCC_C_LANGUAGE_STANDARD = gnu99;
				GCC_DYNAMIC_NO_PIC = NO;
				GCC_NO_COMMON_BLOCKS = YES;
				GCC_OPTIMIZATION_LEVEL = 0;
				GCC_PREPROCESSOR_DEFINITIONS = (
					"DEBUG=1",
					"$(inherited)",
				);
				GCC_WARN_64_TO_32_BIT_CONVERSION = YES;
				GCC_WARN_ABOUT_RETURN_TYPE = YES_ERROR;
				GCC_WARN_UNDECLARED_SELECTOR = YES;
				GCC_WARN_UNINITIALIZED_AUTOS = YES_AGGRESSIVE;
				GCC_WARN_UNUSED_FUNCTION = YES;
				GCC_WARN_UNUSED_VARIABLE = YES;
				IPHONEOS_DEPLOYMENT_TARGET = 10.2;
				MTL_ENABLE_DEBUG_INFO = YES;
				ONLY_ACTIVE_ARCH = YES;
				SDKROOT = iphoneos;
				SWIFT_ACTIVE_COMPILATION_CONDITIONS = DEBUG;
				SWIFT_OPTIMIZATION_LEVEL = "-Onone";
			};
			name = Debug;
		};
		746FC9971E8015E400AEF0E4 /* Release */ = {
			isa = XCBuildConfiguration;
			buildSettings = {
				ALWAYS_SEARCH_USER_PATHS = NO;
				CLANG_ANALYZER_NONNULL = YES;
				CLANG_CXX_LANGUAGE_STANDARD = "gnu++0x";
				CLANG_CXX_LIBRARY = "libc++";
				CLANG_ENABLE_MODULES = YES;
				CLANG_ENABLE_OBJC_ARC = YES;
				CLANG_WARN_BOOL_CONVERSION = YES;
				CLANG_WARN_CONSTANT_CONVERSION = YES;
				CLANG_WARN_DIRECT_OBJC_ISA_USAGE = YES_ERROR;
				CLANG_WARN_DOCUMENTATION_COMMENTS = YES;
				CLANG_WARN_EMPTY_BODY = YES;
				CLANG_WARN_ENUM_CONVERSION = YES;
				CLANG_WARN_INFINITE_RECURSION = YES;
				CLANG_WARN_INT_CONVERSION = YES;
				CLANG_WARN_OBJC_ROOT_CLASS = YES_ERROR;
				CLANG_WARN_SUSPICIOUS_MOVE = YES;
				CLANG_WARN_UNREACHABLE_CODE = YES;
				CLANG_WARN__DUPLICATE_METHOD_MATCH = YES;
				"CODE_SIGN_IDENTITY[sdk=iphoneos*]" = "iPhone Developer";
				COPY_PHASE_STRIP = NO;
				DEBUG_INFORMATION_FORMAT = "dwarf-with-dsym";
				ENABLE_NS_ASSERTIONS = NO;
				ENABLE_STRICT_OBJC_MSGSEND = YES;
				GCC_C_LANGUAGE_STANDARD = gnu99;
				GCC_NO_COMMON_BLOCKS = YES;
				GCC_WARN_64_TO_32_BIT_CONVERSION = YES;
				GCC_WARN_ABOUT_RETURN_TYPE = YES_ERROR;
				GCC_WARN_UNDECLARED_SELECTOR = YES;
				GCC_WARN_UNINITIALIZED_AUTOS = YES_AGGRESSIVE;
				GCC_WARN_UNUSED_FUNCTION = YES;
				GCC_WARN_UNUSED_VARIABLE = YES;
				IPHONEOS_DEPLOYMENT_TARGET = 10.2;
				MTL_ENABLE_DEBUG_INFO = NO;
				SDKROOT = iphoneos;
				SWIFT_OPTIMIZATION_LEVEL = "-Owholemodule";
				VALIDATE_PRODUCT = YES;
			};
			name = Release;
		};
		746FC9991E8015E400AEF0E4 /* Debug */ = {
			isa = XCBuildConfiguration;
			buildSettings = {
				ASSETCATALOG_COMPILER_APPICON_NAME = AppIcon;
				DEVELOPMENT_TEAM = 5FRC2WHL5U;
				INFOPLIST_FILE = BreakItOut/Info.plist;
				LD_RUNPATH_SEARCH_PATHS = "$(inherited) @executable_path/Frameworks";
				PRODUCT_BUNDLE_IDENTIFIER = Guy.Taieb.BreakItOut;
				PRODUCT_NAME = "$(TARGET_NAME)";
				SWIFT_VERSION = 3.0;
				TARGETED_DEVICE_FAMILY = 1;
			};
			name = Debug;
		};
		746FC99A1E8015E400AEF0E4 /* Release */ = {
			isa = XCBuildConfiguration;
			buildSettings = {
				ASSETCATALOG_COMPILER_APPICON_NAME = AppIcon;
				DEVELOPMENT_TEAM = 5FRC2WHL5U;
				INFOPLIST_FILE = BreakItOut/Info.plist;
				LD_RUNPATH_SEARCH_PATHS = "$(inherited) @executable_path/Frameworks";
				PRODUCT_BUNDLE_IDENTIFIER = Guy.Taieb.BreakItOut;
				PRODUCT_NAME = "$(TARGET_NAME)";
				SWIFT_VERSION = 3.0;
				TARGETED_DEVICE_FAMILY = 1;
			};
			name = Release;
		};
/* End XCBuildConfiguration section */

/* Begin XCConfigurationList section */
		746FC9811E8015E400AEF0E4 /* Build configuration list for PBXProject "BreakItOut" */ = {
			isa = XCConfigurationList;
			buildConfigurations = (
				746FC9961E8015E400AEF0E4 /* Debug */,
				746FC9971E8015E400AEF0E4 /* Release */,
			);
			defaultConfigurationIsVisible = 0;
			defaultConfigurationName = Release;
		};
		746FC9981E8015E400AEF0E4 /* Build configuration list for PBXNativeTarget "BreakItOut" */ = {
			isa = XCConfigurationList;
			buildConfigurations = (
				746FC9991E8015E400AEF0E4 /* Debug */,
				746FC99A1E8015E400AEF0E4 /* Release */,
			);
			defaultConfigurationIsVisible = 0;
			defaultConfigurationName = Release;
		};
/* End XCConfigurationList section */
	};
	rootObject = 746FC97E1E8015E400AEF0E4 /* Project object */;
}
